
Microsoft Visual Studio Solution File, Format Version 11.00
# Visual Studio 2010
Project("{FAE04EC0-301F-11D3-BF4B-00C04F79EFBC}") = "CoRaL", "CoRaL\CoRaL.csproj", "{B6AD6107-F779-455F-AF12-5729715B37A2}"
EndProject
Project("{FAE04EC0-301F-11D3-BF4B-00C04F79EFBC}") = "corallib", "corallib\corallib.csproj", "{71D0BBAB-DC74-4B8E-AF8B-4155674D73FB}"
EndProject
Global
	GlobalSection(SolutionConfigurationPlatforms) = preSolution
		Debug|Any CPU = Debug|Any CPU
		Release|Any CPU = Release|Any CPU
	EndGlobalSection
	GlobalSection(ProjectConfigurationPlatforms) = postSolution
		{B6AD6107-F779-455F-AF12-5729715B37A2}.Debug|Any CPU.ActiveCfg = Debug|Any CPU
		{B6AD6107-F779-455F-AF12-5729715B37A2}.Debug|Any CPU.Build.0 = Debug|Any CPU
		{B6AD6107-F779-455F-AF12-5729715B37A2}.Release|Any CPU.ActiveCfg = Release|Any CPU
		{B6AD6107-F779-455F-AF12-5729715B37A2}.Release|Any CPU.Build.0 = Release|Any CPU
		{71D0BBAB-DC74-4B8E-AF8B-4155674D73FB}.Debug|Any CPU.ActiveCfg = Debug|Any CPU
		{71D0BBAB-DC74-4B8E-AF8B-4155674D73FB}.Debug|Any CPU.Build.0 = Debug|Any CPU
		{71D0BBAB-DC74-4B8E-AF8B-4155674D73FB}.Release|Any CPU.ActiveCfg = Release|Any CPU
		{71D0BBAB-DC74-4B8E-AF8B-4155674D73FB}.Release|Any CPU.Build.0 = Release|Any CPU
	EndGlobalSection
	GlobalSection(SolutionProperties) = preSolution
		HideSolutionNode = FALSE
	EndGlobalSection
EndGlobal
